// !$*UTF8*$!
{
	archiveVersion = 1;
	classes = {
	};
	objectVersion = 46;
	objects = {

/* Begin PBXBuildFile section */
		3670E45C1D3184EB00412D1F /* AppDelegate.swift in Sources */ = {isa = PBXBuildFile; fileRef = 3670E45B1D3184EB00412D1F /* AppDelegate.swift */; };
		3670E45E1D3184EB00412D1F /* MasterViewController.swift in Sources */ = {isa = PBXBuildFile; fileRef = 3670E45D1D3184EB00412D1F /* MasterViewController.swift */; };
		3670E4601D3184EB00412D1F /* DetailViewController.swift in Sources */ = {isa = PBXBuildFile; fileRef = 3670E45F1D3184EB00412D1F /* DetailViewController.swift */; };
		3670E4631D3184EB00412D1F /* Main.storyboard in Resources */ = {isa = PBXBuildFile; fileRef = 3670E4611D3184EB00412D1F /* Main.storyboard */; };
		3670E4651D3184EB00412D1F /* Assets.xcassets in Resources */ = {isa = PBXBuildFile; fileRef = 3670E4641D3184EB00412D1F /* Assets.xcassets */; };
		3670E4681D3184EB00412D1F /* LaunchScreen.storyboard in Resources */ = {isa = PBXBuildFile; fileRef = 3670E4661D3184EB00412D1F /* LaunchScreen.storyboard */; };
		3670E4731D3184EB00412D1F /* PhoenixTests.swift in Sources */ = {isa = PBXBuildFile; fileRef = 3670E4721D3184EB00412D1F /* PhoenixTests.swift */; };
		3670E47E1D3184EB00412D1F /* PhoenixUITests.swift in Sources */ = {isa = PBXBuildFile; fileRef = 3670E47D1D3184EB00412D1F /* PhoenixUITests.swift */; };
/* End PBXBuildFile section */

/* Begin PBXContainerItemProxy section */
		3670E46F1D3184EB00412D1F /* PBXContainerItemProxy */ = {
			isa = PBXContainerItemProxy;
			containerPortal = 3670E4501D3184EA00412D1F /* Project object */;
			proxyType = 1;
			remoteGlobalIDString = 3670E4571D3184EA00412D1F;
			remoteInfo = Phoenix;
		};
		3670E47A1D3184EB00412D1F /* PBXContainerItemProxy */ = {
			isa = PBXContainerItemProxy;
			containerPortal = 3670E4501D3184EA00412D1F /* Project object */;
			proxyType = 1;
			remoteGlobalIDString = 3670E4571D3184EA00412D1F;
			remoteInfo = Phoenix;
		};
/* End PBXContainerItemProxy section */

/* Begin PBXFileReference section */
		3670E4581D3184EB00412D1F /* Phoenix.app */ = {isa = PBXFileReference; explicitFileType = wrapper.application; includeInIndex = 0; path = Phoenix.app; sourceTree = BUILT_PRODUCTS_DIR; };
		3670E45B1D3184EB00412D1F /* AppDelegate.swift */ = {isa = PBXFileReference; lastKnownFileType = sourcecode.swift; path = AppDelegate.swift; sourceTree = "<group>"; };
		3670E45D1D3184EB00412D1F /* MasterViewController.swift */ = {isa = PBXFileReference; lastKnownFileType = sourcecode.swift; path = MasterViewController.swift; sourceTree = "<group>"; };
		3670E45F1D3184EB00412D1F /* DetailViewController.swift */ = {isa = PBXFileReference; lastKnownFileType = sourcecode.swift; path = DetailViewController.swift; sourceTree = "<group>"; };
		3670E4621D3184EB00412D1F /* Base */ = {isa = PBXFileReference; lastKnownFileType = file.storyboard; name = Base; path = Base.lproj/Main.storyboard; sourceTree = "<group>"; };
		3670E4641D3184EB00412D1F /* Assets.xcassets */ = {isa = PBXFileReference; lastKnownFileType = folder.assetcatalog; path = Assets.xcassets; sourceTree = "<group>"; };
		3670E4671D3184EB00412D1F /* Base */ = {isa = PBXFileReference; lastKnownFileType = file.storyboard; name = Base; path = Base.lproj/LaunchScreen.storyboard; sourceTree = "<group>"; };
		3670E4691D3184EB00412D1F /* Info.plist */ = {isa = PBXFileReference; lastKnownFileType = text.plist.xml; path = Info.plist; sourceTree = "<group>"; };
		3670E46E1D3184EB00412D1F /* PhoenixTests.xctest */ = {isa = PBXFileReference; explicitFileType = wrapper.cfbundle; includeInIndex = 0; path = PhoenixTests.xctest; sourceTree = BUILT_PRODUCTS_DIR; };
		3670E4721D3184EB00412D1F /* PhoenixTests.swift */ = {isa = PBXFileReference; lastKnownFileType = sourcecode.swift; path = PhoenixTests.swift; sourceTree = "<group>"; };
		3670E4741D3184EB00412D1F /* Info.plist */ = {isa = PBXFileReference; lastKnownFileType = text.plist.xml; path = Info.plist; sourceTree = "<group>"; };
		3670E4791D3184EB00412D1F /* PhoenixUITests.xctest */ = {isa = PBXFileReference; explicitFileType = wrapper.cfbundle; includeInIndex = 0; path = PhoenixUITests.xctest; sourceTree = BUILT_PRODUCTS_DIR; };
		3670E47D1D3184EB00412D1F /* PhoenixUITests.swift */ = {isa = PBXFileReference; lastKnownFileType = sourcecode.swift; path = PhoenixUITests.swift; sourceTree = "<group>"; };
		3670E47F1D3184EB00412D1F /* Info.plist */ = {isa = PBXFileReference; lastKnownFileType = text.plist.xml; path = Info.plist; sourceTree = "<group>"; };
/* End PBXFileReference section */

/* Begin PBXFrameworksBuildPhase section */
		3670E4551D3184EA00412D1F /* Frameworks */ = {
			isa = PBXFrameworksBuildPhase;
			buildActionMask = 2147483647;
			files = (
			);
			runOnlyForDeploymentPostprocessing = 0;
		};
		3670E46B1D3184EB00412D1F /* Frameworks */ = {
			isa = PBXFrameworksBuildPhase;
			buildActionMask = 2147483647;
			files = (
			);
			runOnlyForDeploymentPostprocessing = 0;
		};
		3670E4761D3184EB00412D1F /* Frameworks */ = {
			isa = PBXFrameworksBuildPhase;
			buildActionMask = 2147483647;
			files = (
			);
			runOnlyForDeploymentPostprocessing = 0;
		};
/* End PBXFrameworksBuildPhase section */

/* Begin PBXGroup section */
		3670E44F1D3184EA00412D1F = {
			isa = PBXGroup;
			children = (
				3670E45A1D3184EB00412D1F /* Phoenix */,
				3670E4711D3184EB00412D1F /* PhoenixTests */,
				3670E47C1D3184EB00412D1F /* PhoenixUITests */,
				3670E4591D3184EB00412D1F /* Products */,
			);
			sourceTree = "<group>";
		};
		3670E4591D3184EB00412D1F /* Products */ = {
			isa = PBXGroup;
			children = (
				3670E4581D3184EB00412D1F /* Phoenix.app */,
				3670E46E1D3184EB00412D1F /* PhoenixTests.xctest */,
				3670E4791D3184EB00412D1F /* PhoenixUITests.xctest */,
			);
			name = Products;
			sourceTree = "<group>";
		};
		3670E45A1D3184EB00412D1F /* Phoenix */ = {
			isa = PBXGroup;
			children = (
				3670E45B1D3184EB00412D1F /* AppDelegate.swift */,
				3670E45D1D3184EB00412D1F /* MasterViewController.swift */,
				3670E45F1D3184EB00412D1F /* DetailViewController.swift */,
				3670E4611D3184EB00412D1F /* Main.storyboard */,
				3670E4641D3184EB00412D1F /* Assets.xcassets */,
				3670E4661D3184EB00412D1F /* LaunchScreen.storyboard */,
				3670E4691D3184EB00412D1F /* Info.plist */,
			);
			path = Phoenix;
			sourceTree = "<group>";
		};
		3670E4711D3184EB00412D1F /* PhoenixTests */ = {
			isa = PBXGroup;
			children = (
				3670E4721D3184EB00412D1F /* PhoenixTests.swift */,
				3670E4741D3184EB00412D1F /* Info.plist */,
			);
			path = PhoenixTests;
			sourceTree = "<group>";
		};
		3670E47C1D3184EB00412D1F /* PhoenixUITests */ = {
			isa = PBXGroup;
			children = (
				3670E47D1D3184EB00412D1F /* PhoenixUITests.swift */,
				3670E47F1D3184EB00412D1F /* Info.plist */,
			);
			path = PhoenixUITests;
			sourceTree = "<group>";
		};
/* End PBXGroup section */

/* Begin PBXNativeTarget section */
		3670E4571D3184EA00412D1F /* Phoenix */ = {
			isa = PBXNativeTarget;
			buildConfigurationList = 3670E4821D3184EB00412D1F /* Build configuration list for PBXNativeTarget "Phoenix" */;
			buildPhases = (
				3670E4541D3184EA00412D1F /* Sources */,
				3670E4551D3184EA00412D1F /* Frameworks */,
				3670E4561D3184EA00412D1F /* Resources */,
			);
			buildRules = (
			);
			dependencies = (
			);
			name = Phoenix;
			productName = Phoenix;
			productReference = 3670E4581D3184EB00412D1F /* Phoenix.app */;
			productType = "com.apple.product-type.application";
		};
		3670E46D1D3184EB00412D1F /* PhoenixTests */ = {
			isa = PBXNativeTarget;
			buildConfigurationList = 3670E4851D3184EB00412D1F /* Build configuration list for PBXNativeTarget "PhoenixTests" */;
			buildPhases = (
				3670E46A1D3184EB00412D1F /* Sources */,
				3670E46B1D3184EB00412D1F /* Frameworks */,
				3670E46C1D3184EB00412D1F /* Resources */,
			);
			buildRules = (
			);
			dependencies = (
				3670E4701D3184EB00412D1F /* PBXTargetDependency */,
			);
			name = PhoenixTests;
			productName = PhoenixTests;
			productReference = 3670E46E1D3184EB00412D1F /* PhoenixTests.xctest */;
			productType = "com.apple.product-type.bundle.unit-test";
		};
		3670E4781D3184EB00412D1F /* PhoenixUITests */ = {
			isa = PBXNativeTarget;
			buildConfigurationList = 3670E4881D3184EB00412D1F /* Build configuration list for PBXNativeTarget "PhoenixUITests" */;
			buildPhases = (
				3670E4751D3184EB00412D1F /* Sources */,
				3670E4761D3184EB00412D1F /* Frameworks */,
				3670E4771D3184EB00412D1F /* Resources */,
			);
			buildRules = (
			);
			dependencies = (
				3670E47B1D3184EB00412D1F /* PBXTargetDependency */,
			);
			name = PhoenixUITests;
			productName = PhoenixUITests;
			productReference = 3670E4791D3184EB00412D1F /* PhoenixUITests.xctest */;
			productType = "com.apple.product-type.bundle.ui-testing";
		};
/* End PBXNativeTarget section */

/* Begin PBXProject section */
		3670E4501D3184EA00412D1F /* Project object */ = {
			isa = PBXProject;
			attributes = {
				LastSwiftUpdateCheck = 0730;
				LastUpgradeCheck = 0730;
				ORGANIZATIONNAME = BenSara;
				TargetAttributes = {
					3670E4571D3184EA00412D1F = {
						CreatedOnToolsVersion = 7.3.1;
					};
					3670E46D1D3184EB00412D1F = {
						CreatedOnToolsVersion = 7.3.1;
						TestTargetID = 3670E4571D3184EA00412D1F;
					};
					3670E4781D3184EB00412D1F = {
						CreatedOnToolsVersion = 7.3.1;
						TestTargetID = 3670E4571D3184EA00412D1F;
					};
				};
			};
			buildConfigurationList = 3670E4531D3184EA00412D1F /* Build configuration list for PBXProject "Phoenix" */;
			compatibilityVersion = "Xcode 3.2";
			developmentRegion = English;
			hasScannedForEncodings = 0;
			knownRegions = (
				en,
				Base,
			);
			mainGroup = 3670E44F1D3184EA00412D1F;
			productRefGroup = 3670E4591D3184EB00412D1F /* Products */;
			projectDirPath = "";
			projectRoot = "";
			targets = (
				3670E4571D3184EA00412D1F /* Phoenix */,
				3670E46D1D3184EB00412D1F /* PhoenixTests */,
				3670E4781D3184EB00412D1F /* PhoenixUITests */,
			);
		};
/* End PBXProject section */

/* Begin PBXResourcesBuildPhase section */
		3670E4561D3184EA00412D1F /* Resources */ = {
			isa = PBXResourcesBuildPhase;
			buildActionMask = 2147483647;
			files = (
				3670E4681D3184EB00412D1F /* LaunchScreen.storyboard in Resources */,
				3670E4651D3184EB00412D1F /* Assets.xcassets in Resources */,
				3670E4631D3184EB00412D1F /* Main.storyboard in Resources */,
			);
			runOnlyForDeploymentPostprocessing = 0;
		};
		3670E46C1D3184EB00412D1F /* Resources */ = {
			isa = PBXResourcesBuildPhase;
			buildActionMask = 2147483647;
			files = (
			);
			runOnlyForDeploymentPostprocessing = 0;
		};
		3670E4771D3184EB00412D1F /* Resources */ = {
			isa = PBXResourcesBuildPhase;
			buildActionMask = 2147483647;
			files = (
			);
			runOnlyForDeploymentPostprocessing = 0;
		};
/* End PBXResourcesBuildPhase section */

/* Begin PBXSourcesBuildPhase section */
		3670E4541D3184EA00412D1F /* Sources */ = {
			isa = PBXSourcesBuildPhase;
			buildActionMask = 2147483647;
			files = (
				3670E4601D3184EB00412D1F /* DetailViewController.swift in Sources */,
				3670E45E1D3184EB00412D1F /* MasterViewController.swift in Sources */,
				3670E45C1D3184EB00412D1F /* AppDelegate.swift in Sources */,
			);
			runOnlyForDeploymentPostprocessing = 0;
		};
		3670E46A1D3184EB00412D1F /* Sources */ = {
			isa = PBXSourcesBuildPhase;
			buildActionMask = 2147483647;
			files = (
				3670E4731D3184EB00412D1F /* PhoenixTests.swift in Sources */,
			);
			runOnlyForDeploymentPostprocessing = 0;
		};
		3670E4751D3184EB00412D1F /* Sources */ = {
			isa = PBXSourcesBuildPhase;
			buildActionMask = 2147483647;
			files = (
				3670E47E1D3184EB00412D1F /* PhoenixUITests.swift in Sources */,
			);
			runOnlyForDeploymentPostprocessing = 0;
		};
/* End PBXSourcesBuildPhase section */

/* Begin PBXTargetDependency section */
		3670E4701D3184EB00412D1F /* PBXTargetDependency */ = {
			isa = PBXTargetDependency;
			target = 3670E4571D3184EA00412D1F /* Phoenix */;
			targetProxy = 3670E46F1D3184EB00412D1F /* PBXContainerItemProxy */;
		};
		3670E47B1D3184EB00412D1F /* PBXTargetDependency */ = {
			isa = PBXTargetDependency;
			target = 3670E4571D3184EA00412D1F /* Phoenix */;
			targetProxy = 3670E47A1D3184EB00412D1F /* PBXContainerItemProxy */;
		};
/* End PBXTargetDependency section */

/* Begin PBXVariantGroup section */
		3670E4611D3184EB00412D1F /* Main.storyboard */ = {
			isa = PBXVariantGroup;
			children = (
				3670E4621D3184EB00412D1F /* Base */,
			);
			name = Main.storyboard;
			sourceTree = "<group>";
		};
		3670E4661D3184EB00412D1F /* LaunchScreen.storyboard */ = {
			isa = PBXVariantGroup;
			children = (
				3670E4671D3184EB00412D1F /* Base */,
			);
			name = LaunchScreen.storyboard;
			sourceTree = "<group>";
		};
/* End PBXVariantGroup section */

/* Begin XCBuildConfiguration section */
		3670E4801D3184EB00412D1F /* Debug */ = {
			isa = XCBuildConfiguration;
			buildSettings = {
				ALWAYS_SEARCH_USER_PATHS = NO;
				CLANG_ANALYZER_NONNULL = YES;
				CLANG_CXX_LANGUAGE_STANDARD = "gnu++0x";
				CLANG_CXX_LIBRARY = "libc++";
				CLANG_ENABLE_MODULES = YES;
				CLANG_ENABLE_OBJC_ARC = YES;
				CLANG_WARN_BOOL_CONVERSION = YES;
				CLANG_WARN_CONSTANT_CONVERSION = YES;
				CLANG_WARN_DIRECT_OBJC_ISA_USAGE = YES_ERROR;
				CLANG_WARN_EMPTY_BODY = YES;
				CLANG_WARN_ENUM_CONVERSION = YES;
				CLANG_WARN_INT_CONVERSION = YES;
				CLANG_WARN_OBJC_ROOT_CLASS = YES_ERROR;
				CLANG_WARN_UNREACHABLE_CODE = YES;
				CLANG_WARN__DUPLICATE_METHOD_MATCH = YES;
				"CODE_SIGN_IDENTITY[sdk=iphoneos*]" = "iPhone Developer";
				COPY_PHASE_STRIP = NO;
				DEBUG_INFORMATION_FORMAT = dwarf;
				ENABLE_STRICT_OBJC_MSGSEND = YES;
				ENABLE_TESTABILITY = YES;
				GCC_C_LANGUAGE_STANDARD = gnu99;
				GCC_DYNAMIC_NO_PIC = NO;
				GCC_NO_COMMON_BLOCKS = YES;
				GCC_OPTIMIZATION_LEVEL = 0;
				GCC_PREPROCESSOR_DEFINITIONS = (
					"DEBUG=1",
					"$(inherited)",
				);
				GCC_WARN_64_TO_32_BIT_CONVERSION = YES;
				GCC_WARN_ABOUT_RETURN_TYPE = YES_ERROR;
				GCC_WARN_UNDECLARED_SELECTOR = YES;
				GCC_WARN_UNINITIALIZED_AUTOS = YES_AGGRESSIVE;
				GCC_WARN_UNUSED_FUNCTION = YES;
				GCC_WARN_UNUSED_VARIABLE = YES;
				IPHONEOS_DEPLOYMENT_TARGET = 9.3;
				MTL_ENABLE_DEBUG_INFO = YES;
				ONLY_ACTIVE_ARCH = YES;
				SDKROOT = iphoneos;
				SWIFT_OPTIMIZATION_LEVEL = "-Onone";
				TARGETED_DEVICE_FAMILY = "1,2";
			};
			name = Debug;
		};
		3670E4811D3184EB00412D1F /* Release */ = {
			isa = XCBuildConfiguration;
			buildSettings = {
				ALWAYS_SEARCH_USER_PATHS = NO;
				CLANG_ANALYZER_NONNULL = YES;
				CLANG_CXX_LANGUAGE_STANDARD = "gnu++0x";
				CLANG_CXX_LIBRARY = "libc++";
				CLANG_ENABLE_MODULES = YES;
				CLANG_ENABLE_OBJC_ARC = YES;
				CLANG_WARN_BOOL_CONVERSION = YES;
				CLANG_WARN_CONSTANT_CONVERSION = YES;
				CLANG_WARN_DIRECT_OBJC_ISA_USAGE = YES_ERROR;
				CLANG_WARN_EMPTY_BODY = YES;
				CLANG_WARN_ENUM_CONVERSION = YES;
				CLANG_WARN_INT_CONVERSION = YES;
				CLANG_WARN_OBJC_ROOT_CLASS = YES_ERROR;
				CLANG_WARN_UNREACHABLE_CODE = YES;
				CLANG_WARN__DUPLICATE_METHOD_MATCH = YES;
				"CODE_SIGN_IDENTITY[sdk=iphoneos*]" = "iPhone Developer";
				COPY_PHASE_STRIP = NO;
				DEBUG_INFORMATION_FORMAT = "dwarf-with-dsym";
				ENABLE_NS_ASSERTIONS = NO;
				ENABLE_STRICT_OBJC_MSGSEND = YES;
				GCC_C_LANGUAGE_STANDARD = gnu99;
				GCC_NO_COMMON_BLOCKS = YES;
				GCC_WARN_64_TO_32_BIT_CONVERSION = YES;
				GCC_WARN_ABOUT_RETURN_TYPE = YES_ERROR;
				GCC_WARN_UNDECLARED_SELECTOR = YES;
				GCC_WARN_UNINITIALIZED_AUTOS = YES_AGGRESSIVE;
				GCC_WARN_UNUSED_FUNCTION = YES;
				GCC_WARN_UNUSED_VARIABLE = YES;
				IPHONEOS_DEPLOYMENT_TARGET = 9.3;
				MTL_ENABLE_DEBUG_INFO = NO;
				SDKROOT = iphoneos;
				TARGETED_DEVICE_FAMILY = "1,2";
				VALIDATE_PRODUCT = YES;
			};
			name = Release;
		};
		3670E4831D3184EB00412D1F /* Debug */ = {
			isa = XCBuildConfiguration;
			buildSettings = {
				ASSETCATALOG_COMPILER_APPICON_NAME = AppIcon;
				INFOPLIST_FILE = Phoenix/Info.plist;
				LD_RUNPATH_SEARCH_PATHS = "$(inherited) @executable_path/Frameworks";
				PRODUCT_BUNDLE_IDENTIFIER = BenSara.Phoenix;
				PRODUCT_NAME = "$(TARGET_NAME)";
			};
			name = Debug;
		};
		3670E4841D3184EB00412D1F /* Release */ = {
			isa = XCBuildConfiguration;
			buildSettings = {
				ASSETCATALOG_COMPILER_APPICON_NAME = AppIcon;
				INFOPLIST_FILE = Phoenix/Info.plist;
				LD_RUNPATH_SEARCH_PATHS = "$(inherited) @executable_path/Frameworks";
				PRODUCT_BUNDLE_IDENTIFIER = BenSara.Phoenix;
				PRODUCT_NAME = "$(TARGET_NAME)";
			};
			name = Release;
		};
		3670E4861D3184EB00412D1F /* Debug */ = {
			isa = XCBuildConfiguration;
			buildSettings = {
				BUNDLE_LOADER = "$(TEST_HOST)";
				INFOPLIST_FILE = PhoenixTests/Info.plist;
				LD_RUNPATH_SEARCH_PATHS = "$(inherited) @executable_path/Frameworks @loader_path/Frameworks";
				PRODUCT_BUNDLE_IDENTIFIER = BenSara.PhoenixTests;
				PRODUCT_NAME = "$(TARGET_NAME)";
				TEST_HOST = "$(BUILT_PRODUCTS_DIR)/Phoenix.app/Phoenix";
			};
			name = Debug;
		};
		3670E4871D3184EB00412D1F /* Release */ = {
			isa = XCBuildConfiguration;
			buildSettings = {
				BUNDLE_LOADER = "$(TEST_HOST)";
				INFOPLIST_FILE = PhoenixTests/Info.plist;
				LD_RUNPATH_SEARCH_PATHS = "$(inherited) @executable_path/Frameworks @loader_path/Frameworks";
				PRODUCT_BUNDLE_IDENTIFIER = BenSara.PhoenixTests;
				PRODUCT_NAME = "$(TARGET_NAME)";
				TEST_HOST = "$(BUILT_PRODUCTS_DIR)/Phoenix.app/Phoenix";
			};
			name = Release;
		};
		3670E4891D3184EB00412D1F /* Debug */ = {
			isa = XCBuildConfiguration;
			buildSettings = {
				INFOPLIST_FILE = PhoenixUITests/Info.plist;
				LD_RUNPATH_SEARCH_PATHS = "$(inherited) @executable_path/Frameworks @loader_path/Frameworks";
				PRODUCT_BUNDLE_IDENTIFIER = BenSara.PhoenixUITests;
				PRODUCT_NAME = "$(TARGET_NAME)";
				TEST_TARGET_NAME = Phoenix;
			};
			name = Debug;
		};
		3670E48A1D3184EB00412D1F /* Release */ = {
			isa = XCBuildConfiguration;
			buildSettings = {
				INFOPLIST_FILE = PhoenixUITests/Info.plist;
				LD_RUNPATH_SEARCH_PATHS = "$(inherited) @executable_path/Frameworks @loader_path/Frameworks";
				PRODUCT_BUNDLE_IDENTIFIER = BenSara.PhoenixUITests;
				PRODUCT_NAME = "$(TARGET_NAME)";
				TEST_TARGET_NAME = Phoenix;
			};
			name = Release;
		};
/* End XCBuildConfiguration section */

/* Begin XCConfigurationList section */
		3670E4531D3184EA00412D1F /* Build configuration list for PBXProject "Phoenix" */ = {
			isa = XCConfigurationList;
			buildConfigurations = (
				3670E4801D3184EB00412D1F /* Debug */,
				3670E4811D3184EB00412D1F /* Release */,
			);
			defaultConfigurationIsVisible = 0;
			defaultConfigurationName = Release;
		};
		3670E4821D3184EB00412D1F /* Build configuration list for PBXNativeTarget "Phoenix" */ = {
			isa = XCConfigurationList;
			buildConfigurations = (
				3670E4831D3184EB00412D1F /* Debug */,
				3670E4841D3184EB00412D1F /* Release */,
			);
			defaultConfigurationIsVisible = 0;
		};
		3670E4851D3184EB00412D1F /* Build configuration list for PBXNativeTarget "PhoenixTests" */ = {
			isa = XCConfigurationList;
			buildConfigurations = (
				3670E4861D3184EB00412D1F /* Debug */,
				3670E4871D3184EB00412D1F /* Release */,
			);
			defaultConfigurationIsVisible = 0;
		};
		3670E4881D3184EB00412D1F /* Build configuration list for PBXNativeTarget "PhoenixUITests" */ = {
			isa = XCConfigurationList;
			buildConfigurations = (
				3670E4891D3184EB00412D1F /* Debug */,
				3670E48A1D3184EB00412D1F /* Release */,
			);
			defaultConfigurationIsVisible = 0;
		};
/* End XCConfigurationList section */
	};
	rootObject = 3670E4501D3184EA00412D1F /* Project object */;
}
